
Microsoft Visual Studio Solution File, Format Version 12.00
# Visual Studio Version 16
VisualStudioVersion = 16.0.29709.97
MinimumVisualStudioVersion = 10.0.40219.1
Project("{FAE04EC0-301F-11D3-BF4B-00C04F79EFBC}") = "SWE1-MTCG", "SWE1-MTCG\SWE1-MTCG.csproj", "{139D1A2E-44CA-41E6-B976-8D454815D8B9}"
EndProject
Project("{FAE04EC0-301F-11D3-BF4B-00C04F79EFBC}") = "SWE1-MTCG.Test", "SWE1-MTCG.Test\SWE1-MTCG.Test.csproj", "{B6E7997A-1208-4D0E-BE8C-AC914138EFCB}"
EndProject
Global
	GlobalSection(SolutionConfigurationPlatforms) = preSolution
		Debug|Any CPU = Debug|Any CPU
		Release|Any CPU = Release|Any CPU
	EndGlobalSection
	GlobalSection(ProjectConfigurationPlatforms) = postSolution
		{139D1A2E-44CA-41E6-B976-8D454815D8B9}.Debug|Any CPU.ActiveCfg = Debug|Any CPU
		{139D1A2E-44CA-41E6-B976-8D454815D8B9}.Debug|Any CPU.Build.0 = Debug|Any CPU
		{139D1A2E-44CA-41E6-B976-8D454815D8B9}.Release|Any CPU.ActiveCfg = Release|Any CPU
		{139D1A2E-44CA-41E6-B976-8D454815D8B9}.Release|Any CPU.Build.0 = Release|Any CPU
		{B6E7997A-1208-4D0E-BE8C-AC914138EFCB}.Debug|Any CPU.ActiveCfg = Debug|Any CPU
		{B6E7997A-1208-4D0E-BE8C-AC914138EFCB}.Debug|Any CPU.Build.0 = Debug|Any CPU
		{B6E7997A-1208-4D0E-BE8C-AC914138EFCB}.Release|Any CPU.ActiveCfg = Release|Any CPU
		{B6E7997A-1208-4D0E-BE8C-AC914138EFCB}.Release|Any CPU.Build.0 = Release|Any CPU
	EndGlobalSection
	GlobalSection(SolutionProperties) = preSolution
		HideSolutionNode = FALSE
	EndGlobalSection
	GlobalSection(ExtensibilityGlobals) = postSolution
		SolutionGuid = {192220BA-615C-482A-8A42-8F757041EEA6}
	EndGlobalSection
EndGlobal
